
Microsoft Visual Studio Solution File, Format Version 12.00
# Visual Studio Version 16
VisualStudioVersion = 16.0.29709.97
MinimumVisualStudioVersion = 10.0.40219.1
Project("{FAE04EC0-301F-11D3-BF4B-00C04F79EFBC}") = "Npoi.Mapper", "src\Npoi.Mapper\Npoi.Mapper.csproj", "{B3376EF3-8199-45D8-8206-77A977EA907B}"
EndProject
Project("{FAE04EC0-301F-11D3-BF4B-00C04F79EFBC}") = "test", "test\test.csproj", "{BE52F321-09A6-498C-B10A-5CED882AFC96}"
	ProjectSection(ProjectDependencies) = postProject
		{B3376EF3-8199-45D8-8206-77A977EA907B} = {B3376EF3-8199-45D8-8206-77A977EA907B}
	EndProjectSection
EndProject
Global
	GlobalSection(SolutionConfigurationPlatforms) = preSolution
		Debug|Any CPU = Debug|Any CPU
		Release|Any CPU = Release|Any CPU
	EndGlobalSection
	GlobalSection(ProjectConfigurationPlatforms) = postSolution
		{B3376EF3-8199-45D8-8206-77A977EA907B}.Debug|Any CPU.ActiveCfg = Debug|Any CPU
		{B3376EF3-8199-45D8-8206-77A977EA907B}.Debug|Any CPU.Build.0 = Debug|Any CPU
		{B3376EF3-8199-45D8-8206-77A977EA907B}.Release|Any CPU.ActiveCfg = Release|Any CPU
		{B3376EF3-8199-45D8-8206-77A977EA907B}.Release|Any CPU.Build.0 = Release|Any CPU
		{BE52F321-09A6-498C-B10A-5CED882AFC96}.Debug|Any CPU.ActiveCfg = Debug|Any CPU
		{BE52F321-09A6-498C-B10A-5CED882AFC96}.Debug|Any CPU.Build.0 = Debug|Any CPU
		{BE52F321-09A6-498C-B10A-5CED882AFC96}.Release|Any CPU.ActiveCfg = Release|Any CPU
		{BE52F321-09A6-498C-B10A-5CED882AFC96}.Release|Any CPU.Build.0 = Release|Any CPU
	EndGlobalSection
	GlobalSection(SolutionProperties) = preSolution
		HideSolutionNode = FALSE
	EndGlobalSection
	GlobalSection(ExtensibilityGlobals) = postSolution
		SolutionGuid = {3DDF442A-BDD8-4748-BD2A-CF7C026CC469}
	EndGlobalSection
EndGlobal
